// !$*UTF8*$!
{
	archiveVersion = 1;
	classes = {
	};
	objectVersion = 56;
	objects = {

/* Begin PBXBuildFile section */
		CC2428C22A8D26C800F75A57 /* AppDelegate.swift in Sources */ = {isa = PBXBuildFile; fileRef = CC2428C12A8D26C800F75A57 /* AppDelegate.swift */; };
		CC2428C42A8D26C800F75A57 /* SceneDelegate.swift in Sources */ = {isa = PBXBuildFile; fileRef = CC2428C32A8D26C800F75A57 /* SceneDelegate.swift */; };
		CC2428C62A8D26C800F75A57 /* MainScreen.swift in Sources */ = {isa = PBXBuildFile; fileRef = CC2428C52A8D26C800F75A57 /* MainScreen.swift */; };
		CC2428CB2A8D26C900F75A57 /* Assets.xcassets in Resources */ = {isa = PBXBuildFile; fileRef = CC2428CA2A8D26C900F75A57 /* Assets.xcassets */; };
		CC2428CE2A8D26C900F75A57 /* LaunchScreen.storyboard in Resources */ = {isa = PBXBuildFile; fileRef = CC2428CC2A8D26C900F75A57 /* LaunchScreen.storyboard */; };
		CC2428D92A8D2ACC00F75A57 /* UIColor + ext.swift in Sources */ = {isa = PBXBuildFile; fileRef = CC2428D82A8D2ACC00F75A57 /* UIColor + ext.swift */; };
		CC2428DB2A8D2AF800F75A57 /* Resources.swift in Sources */ = {isa = PBXBuildFile; fileRef = CC2428DA2A8D2AF800F75A57 /* Resources.swift */; };
		CC2428DE2A8D2CBD00F75A57 /* BaseView.swift in Sources */ = {isa = PBXBuildFile; fileRef = CC2428DD2A8D2CBD00F75A57 /* BaseView.swift */; };
		CC2428E02A8D2CC400F75A57 /* BaseController.swift in Sources */ = {isa = PBXBuildFile; fileRef = CC2428DF2A8D2CC400F75A57 /* BaseController.swift */; };
		CC2428E42A8D31FC00F75A57 /* ApiService.swift in Sources */ = {isa = PBXBuildFile; fileRef = CC2428E32A8D31FC00F75A57 /* ApiService.swift */; };
		CC2428E62A8D329700F75A57 /* ApiRequest.swift in Sources */ = {isa = PBXBuildFile; fileRef = CC2428E52A8D329700F75A57 /* ApiRequest.swift */; };
		CC2428E82A8D32D400F75A57 /* Endpoint.swift in Sources */ = {isa = PBXBuildFile; fileRef = CC2428E72A8D32D400F75A57 /* Endpoint.swift */; };
		CC2428EB2A8D341B00F75A57 /* CharacterModel.swift in Sources */ = {isa = PBXBuildFile; fileRef = CC2428EA2A8D341B00F75A57 /* CharacterModel.swift */; };
		CC2428ED2A8D342400F75A57 /* LocationModel.swift in Sources */ = {isa = PBXBuildFile; fileRef = CC2428EC2A8D342400F75A57 /* LocationModel.swift */; };
		CC2428EF2A8D342C00F75A57 /* EpisodeModel.swift in Sources */ = {isa = PBXBuildFile; fileRef = CC2428EE2A8D342C00F75A57 /* EpisodeModel.swift */; };
		CC2428F32A8E4EC900F75A57 /* CharacterResponse.swift in Sources */ = {isa = PBXBuildFile; fileRef = CC2428F22A8E4EC900F75A57 /* CharacterResponse.swift */; };
		CC2428F62A8E52A500F75A57 /* CharacterViewModel.swift in Sources */ = {isa = PBXBuildFile; fileRef = CC2428F52A8E52A500F75A57 /* CharacterViewModel.swift */; };
		CC2428F92A8E52FB00F75A57 /* CharacterListView.swift in Sources */ = {isa = PBXBuildFile; fileRef = CC2428F82A8E52FB00F75A57 /* CharacterListView.swift */; };
		CC2428FB2A8E53C300F75A57 /* UIView + ext.swift in Sources */ = {isa = PBXBuildFile; fileRef = CC2428FA2A8E53C300F75A57 /* UIView + ext.swift */; };
		CC2428FD2A8E7EB600F75A57 /* CharacterCollectionViewCell.swift in Sources */ = {isa = PBXBuildFile; fileRef = CC2428FC2A8E7EB600F75A57 /* CharacterCollectionViewCell.swift */; };
		CC2428FF2A8E806400F75A57 /* CharacterCellViewModel.swift in Sources */ = {isa = PBXBuildFile; fileRef = CC2428FE2A8E806400F75A57 /* CharacterCellViewModel.swift */; };
		CC2429012A90915900F75A57 /* DetailScreen.swift in Sources */ = {isa = PBXBuildFile; fileRef = CC2429002A90915900F75A57 /* DetailScreen.swift */; };
		CC2429032A90921000F75A57 /* DetailViewModel.swift in Sources */ = {isa = PBXBuildFile; fileRef = CC2429022A90921000F75A57 /* DetailViewModel.swift */; };
		CC2429052A90949800F75A57 /* RootScreen.swift in Sources */ = {isa = PBXBuildFile; fileRef = CC2429042A90949800F75A57 /* RootScreen.swift */; };
/* End PBXBuildFile section */

/* Begin PBXFileReference section */
		CC2428BE2A8D26C800F75A57 /* RaM.app */ = {isa = PBXFileReference; explicitFileType = wrapper.application; includeInIndex = 0; path = RaM.app; sourceTree = BUILT_PRODUCTS_DIR; };
		CC2428C12A8D26C800F75A57 /* AppDelegate.swift */ = {isa = PBXFileReference; lastKnownFileType = sourcecode.swift; path = AppDelegate.swift; sourceTree = "<group>"; };
		CC2428C32A8D26C800F75A57 /* SceneDelegate.swift */ = {isa = PBXFileReference; lastKnownFileType = sourcecode.swift; path = SceneDelegate.swift; sourceTree = "<group>"; };
		CC2428C52A8D26C800F75A57 /* MainScreen.swift */ = {isa = PBXFileReference; lastKnownFileType = sourcecode.swift; path = MainScreen.swift; sourceTree = "<group>"; };
		CC2428CA2A8D26C900F75A57 /* Assets.xcassets */ = {isa = PBXFileReference; lastKnownFileType = folder.assetcatalog; path = Assets.xcassets; sourceTree = "<group>"; };
		CC2428CD2A8D26C900F75A57 /* Base */ = {isa = PBXFileReference; lastKnownFileType = file.storyboard; name = Base; path = Base.lproj/LaunchScreen.storyboard; sourceTree = "<group>"; };
		CC2428CF2A8D26C900F75A57 /* Info.plist */ = {isa = PBXFileReference; lastKnownFileType = text.plist.xml; path = Info.plist; sourceTree = "<group>"; };
		CC2428D82A8D2ACC00F75A57 /* UIColor + ext.swift */ = {isa = PBXFileReference; lastKnownFileType = sourcecode.swift; path = "UIColor + ext.swift"; sourceTree = "<group>"; };
		CC2428DA2A8D2AF800F75A57 /* Resources.swift */ = {isa = PBXFileReference; lastKnownFileType = sourcecode.swift; path = Resources.swift; sourceTree = "<group>"; };
		CC2428DD2A8D2CBD00F75A57 /* BaseView.swift */ = {isa = PBXFileReference; lastKnownFileType = sourcecode.swift; path = BaseView.swift; sourceTree = "<group>"; };
		CC2428DF2A8D2CC400F75A57 /* BaseController.swift */ = {isa = PBXFileReference; lastKnownFileType = sourcecode.swift; path = BaseController.swift; sourceTree = "<group>"; };
		CC2428E32A8D31FC00F75A57 /* ApiService.swift */ = {isa = PBXFileReference; lastKnownFileType = sourcecode.swift; path = ApiService.swift; sourceTree = "<group>"; };
		CC2428E52A8D329700F75A57 /* ApiRequest.swift */ = {isa = PBXFileReference; lastKnownFileType = sourcecode.swift; path = ApiRequest.swift; sourceTree = "<group>"; };
		CC2428E72A8D32D400F75A57 /* Endpoint.swift */ = {isa = PBXFileReference; lastKnownFileType = sourcecode.swift; path = Endpoint.swift; sourceTree = "<group>"; };
		CC2428EA2A8D341B00F75A57 /* CharacterModel.swift */ = {isa = PBXFileReference; lastKnownFileType = sourcecode.swift; path = CharacterModel.swift; sourceTree = "<group>"; };
		CC2428EC2A8D342400F75A57 /* LocationModel.swift */ = {isa = PBXFileReference; lastKnownFileType = sourcecode.swift; path = LocationModel.swift; sourceTree = "<group>"; };
		CC2428EE2A8D342C00F75A57 /* EpisodeModel.swift */ = {isa = PBXFileReference; lastKnownFileType = sourcecode.swift; path = EpisodeModel.swift; sourceTree = "<group>"; };
		CC2428F22A8E4EC900F75A57 /* CharacterResponse.swift */ = {isa = PBXFileReference; lastKnownFileType = sourcecode.swift; path = CharacterResponse.swift; sourceTree = "<group>"; };
		CC2428F52A8E52A500F75A57 /* CharacterViewModel.swift */ = {isa = PBXFileReference; lastKnownFileType = sourcecode.swift; path = CharacterViewModel.swift; sourceTree = "<group>"; };
		CC2428F82A8E52FB00F75A57 /* CharacterListView.swift */ = {isa = PBXFileReference; lastKnownFileType = sourcecode.swift; path = CharacterListView.swift; sourceTree = "<group>"; };
		CC2428FA2A8E53C300F75A57 /* UIView + ext.swift */ = {isa = PBXFileReference; lastKnownFileType = sourcecode.swift; path = "UIView + ext.swift"; sourceTree = "<group>"; };
		CC2428FC2A8E7EB600F75A57 /* CharacterCollectionViewCell.swift */ = {isa = PBXFileReference; lastKnownFileType = sourcecode.swift; path = CharacterCollectionViewCell.swift; sourceTree = "<group>"; };
		CC2428FE2A8E806400F75A57 /* CharacterCellViewModel.swift */ = {isa = PBXFileReference; lastKnownFileType = sourcecode.swift; path = CharacterCellViewModel.swift; sourceTree = "<group>"; };
		CC2429002A90915900F75A57 /* DetailScreen.swift */ = {isa = PBXFileReference; lastKnownFileType = sourcecode.swift; path = DetailScreen.swift; sourceTree = "<group>"; };
		CC2429022A90921000F75A57 /* DetailViewModel.swift */ = {isa = PBXFileReference; lastKnownFileType = sourcecode.swift; path = DetailViewModel.swift; sourceTree = "<group>"; };
		CC2429042A90949800F75A57 /* RootScreen.swift */ = {isa = PBXFileReference; lastKnownFileType = sourcecode.swift; path = RootScreen.swift; sourceTree = "<group>"; };
/* End PBXFileReference section */

/* Begin PBXFrameworksBuildPhase section */
		CC2428BB2A8D26C800F75A57 /* Frameworks */ = {
			isa = PBXFrameworksBuildPhase;
			buildActionMask = 2147483647;
			files = (
			);
			runOnlyForDeploymentPostprocessing = 0;
		};
/* End PBXFrameworksBuildPhase section */

/* Begin PBXGroup section */
		CC2428B52A8D26C800F75A57 = {
			isa = PBXGroup;
			children = (
				CC2428C02A8D26C800F75A57 /* RaM */,
				CC2428BF2A8D26C800F75A57 /* Products */,
			);
			sourceTree = "<group>";
		};
		CC2428BF2A8D26C800F75A57 /* Products */ = {
			isa = PBXGroup;
			children = (
				CC2428BE2A8D26C800F75A57 /* RaM.app */,
			);
			name = Products;
			sourceTree = "<group>";
		};
		CC2428C02A8D26C800F75A57 /* RaM */ = {
			isa = PBXGroup;
			children = (
				CC2428F42A8E528F00F75A57 /* ViewModels */,
				CC2428E92A8D341000F75A57 /* Model */,
				CC2428E22A8D31F000F75A57 /* ApiService */,
				CC2428E12A8D2DE800F75A57 /* Screens */,
				CC2428DC2A8D2CB500F75A57 /* Base */,
				CC2428D72A8D2AC100F75A57 /* Helpers */,
				CC2428D52A8D27D000F75A57 /* Application */,
				CC2428D62A8D27F200F75A57 /* SupportingFiles */,
			);
			path = RaM;
			sourceTree = "<group>";
		};
		CC2428D52A8D27D000F75A57 /* Application */ = {
			isa = PBXGroup;
			children = (
				CC2428C12A8D26C800F75A57 /* AppDelegate.swift */,
				CC2428C32A8D26C800F75A57 /* SceneDelegate.swift */,
			);
			path = Application;
			sourceTree = "<group>";
		};
		CC2428D62A8D27F200F75A57 /* SupportingFiles */ = {
			isa = PBXGroup;
			children = (
				CC2428CA2A8D26C900F75A57 /* Assets.xcassets */,
				CC2428CC2A8D26C900F75A57 /* LaunchScreen.storyboard */,
				CC2428CF2A8D26C900F75A57 /* Info.plist */,
			);
			path = SupportingFiles;
			sourceTree = "<group>";
		};
		CC2428D72A8D2AC100F75A57 /* Helpers */ = {
			isa = PBXGroup;
			children = (
				CC2428D82A8D2ACC00F75A57 /* UIColor + ext.swift */,
				CC2428FA2A8E53C300F75A57 /* UIView + ext.swift */,
				CC2428DA2A8D2AF800F75A57 /* Resources.swift */,
			);
			path = Helpers;
			sourceTree = "<group>";
		};
		CC2428DC2A8D2CB500F75A57 /* Base */ = {
			isa = PBXGroup;
			children = (
				CC2428DD2A8D2CBD00F75A57 /* BaseView.swift */,
				CC2428DF2A8D2CC400F75A57 /* BaseController.swift */,
			);
			path = Base;
			sourceTree = "<group>";
		};
		CC2428E12A8D2DE800F75A57 /* Screens */ = {
			isa = PBXGroup;
			children = (
				CC2428F72A8E52F200F75A57 /* Views */,
				CC2428C52A8D26C800F75A57 /* MainScreen.swift */,
				CC2429002A90915900F75A57 /* DetailScreen.swift */,
				CC2429042A90949800F75A57 /* RootScreen.swift */,
			);
			path = Screens;
			sourceTree = "<group>";
		};
		CC2428E22A8D31F000F75A57 /* ApiService */ = {
			isa = PBXGroup;
			children = (
				CC2428E32A8D31FC00F75A57 /* ApiService.swift */,
				CC2428E52A8D329700F75A57 /* ApiRequest.swift */,
				CC2428E72A8D32D400F75A57 /* Endpoint.swift */,
			);
			path = ApiService;
			sourceTree = "<group>";
		};
		CC2428E92A8D341000F75A57 /* Model */ = {
			isa = PBXGroup;
			children = (
				CC2428F12A8E4EBB00F75A57 /* Response */,
				CC2428F02A8E4EB600F75A57 /* Data */,
			);
			path = Model;
			sourceTree = "<group>";
		};
		CC2428F02A8E4EB600F75A57 /* Data */ = {
			isa = PBXGroup;
			children = (
				CC2428EA2A8D341B00F75A57 /* CharacterModel.swift */,
				CC2428EC2A8D342400F75A57 /* LocationModel.swift */,
				CC2428EE2A8D342C00F75A57 /* EpisodeModel.swift */,
			);
			path = Data;
			sourceTree = "<group>";
		};
		CC2428F12A8E4EBB00F75A57 /* Response */ = {
			isa = PBXGroup;
			children = (
				CC2428F22A8E4EC900F75A57 /* CharacterResponse.swift */,
			);
			path = Response;
			sourceTree = "<group>";
		};
		CC2428F42A8E528F00F75A57 /* ViewModels */ = {
			isa = PBXGroup;
			children = (
				CC2428F52A8E52A500F75A57 /* CharacterViewModel.swift */,
				CC2428FE2A8E806400F75A57 /* CharacterCellViewModel.swift */,
				CC2429022A90921000F75A57 /* DetailViewModel.swift */,
			);
			path = ViewModels;
			sourceTree = "<group>";
		};
		CC2428F72A8E52F200F75A57 /* Views */ = {
			isa = PBXGroup;
			children = (
				CC2428F82A8E52FB00F75A57 /* CharacterListView.swift */,
				CC2428FC2A8E7EB600F75A57 /* CharacterCollectionViewCell.swift */,
			);
			path = Views;
			sourceTree = "<group>";
		};
/* End PBXGroup section */

/* Begin PBXNativeTarget section */
		CC2428BD2A8D26C800F75A57 /* RaM */ = {
			isa = PBXNativeTarget;
			buildConfigurationList = CC2428D22A8D26C900F75A57 /* Build configuration list for PBXNativeTarget "RaM" */;
			buildPhases = (
				CC2428BA2A8D26C800F75A57 /* Sources */,
				CC2428BB2A8D26C800F75A57 /* Frameworks */,
				CC2428BC2A8D26C800F75A57 /* Resources */,
			);
			buildRules = (
			);
			dependencies = (
			);
			name = RaM;
			productName = RaM;
			productReference = CC2428BE2A8D26C800F75A57 /* RaM.app */;
			productType = "com.apple.product-type.application";
		};
/* End PBXNativeTarget section */

/* Begin PBXProject section */
		CC2428B62A8D26C800F75A57 /* Project object */ = {
			isa = PBXProject;
			attributes = {
				BuildIndependentTargetsInParallel = 1;
				LastSwiftUpdateCheck = 1430;
				LastUpgradeCheck = 1430;
				TargetAttributes = {
					CC2428BD2A8D26C800F75A57 = {
						CreatedOnToolsVersion = 14.3;
					};
				};
			};
			buildConfigurationList = CC2428B92A8D26C800F75A57 /* Build configuration list for PBXProject "RaM" */;
			compatibilityVersion = "Xcode 14.0";
			developmentRegion = en;
			hasScannedForEncodings = 0;
			knownRegions = (
				en,
				Base,
			);
			mainGroup = CC2428B52A8D26C800F75A57;
			productRefGroup = CC2428BF2A8D26C800F75A57 /* Products */;
			projectDirPath = "";
			projectRoot = "";
			targets = (
				CC2428BD2A8D26C800F75A57 /* RaM */,
			);
		};
/* End PBXProject section */

/* Begin PBXResourcesBuildPhase section */
		CC2428BC2A8D26C800F75A57 /* Resources */ = {
			isa = PBXResourcesBuildPhase;
			buildActionMask = 2147483647;
			files = (
				CC2428CE2A8D26C900F75A57 /* LaunchScreen.storyboard in Resources */,
				CC2428CB2A8D26C900F75A57 /* Assets.xcassets in Resources */,
			);
			runOnlyForDeploymentPostprocessing = 0;
		};
/* End PBXResourcesBuildPhase section */

/* Begin PBXSourcesBuildPhase section */
		CC2428BA2A8D26C800F75A57 /* Sources */ = {
			isa = PBXSourcesBuildPhase;
			buildActionMask = 2147483647;
			files = (
				CC2429012A90915900F75A57 /* DetailScreen.swift in Sources */,
				CC2428F32A8E4EC900F75A57 /* CharacterResponse.swift in Sources */,
				CC2428FF2A8E806400F75A57 /* CharacterCellViewModel.swift in Sources */,
				CC2428F62A8E52A500F75A57 /* CharacterViewModel.swift in Sources */,
				CC2428C62A8D26C800F75A57 /* MainScreen.swift in Sources */,
				CC2428C22A8D26C800F75A57 /* AppDelegate.swift in Sources */,
				CC2428E02A8D2CC400F75A57 /* BaseController.swift in Sources */,
				CC2428C42A8D26C800F75A57 /* SceneDelegate.swift in Sources */,
				CC2428F92A8E52FB00F75A57 /* CharacterListView.swift in Sources */,
				CC2428ED2A8D342400F75A57 /* LocationModel.swift in Sources */,
				CC2428EF2A8D342C00F75A57 /* EpisodeModel.swift in Sources */,
				CC2428EB2A8D341B00F75A57 /* CharacterModel.swift in Sources */,
				CC2428E82A8D32D400F75A57 /* Endpoint.swift in Sources */,
				CC2429052A90949800F75A57 /* RootScreen.swift in Sources */,
				CC2428FB2A8E53C300F75A57 /* UIView + ext.swift in Sources */,
				CC2428FD2A8E7EB600F75A57 /* CharacterCollectionViewCell.swift in Sources */,
				CC2428DE2A8D2CBD00F75A57 /* BaseView.swift in Sources */,
				CC2429032A90921000F75A57 /* DetailViewModel.swift in Sources */,
				CC2428E62A8D329700F75A57 /* ApiRequest.swift in Sources */,
				CC2428DB2A8D2AF800F75A57 /* Resources.swift in Sources */,
				CC2428E42A8D31FC00F75A57 /* ApiService.swift in Sources */,
				CC2428D92A8D2ACC00F75A57 /* UIColor + ext.swift in Sources */,
			);
			runOnlyForDeploymentPostprocessing = 0;
		};
/* End PBXSourcesBuildPhase section */

/* Begin PBXVariantGroup section */
		CC2428CC2A8D26C900F75A57 /* LaunchScreen.storyboard */ = {
			isa = PBXVariantGroup;
			children = (
				CC2428CD2A8D26C900F75A57 /* Base */,
			);
			name = LaunchScreen.storyboard;
			sourceTree = "<group>";
		};
/* End PBXVariantGroup section */

/* Begin XCBuildConfiguration section */
		CC2428D02A8D26C900F75A57 /* Debug */ = {
			isa = XCBuildConfiguration;
			buildSettings = {
				ALWAYS_SEARCH_USER_PATHS = NO;
				CLANG_ANALYZER_NONNULL = YES;
				CLANG_ANALYZER_NUMBER_OBJECT_CONVERSION = YES_AGGRESSIVE;
				CLANG_CXX_LANGUAGE_STANDARD = "gnu++20";
				CLANG_ENABLE_MODULES = YES;
				CLANG_ENABLE_OBJC_ARC = YES;
				CLANG_ENABLE_OBJC_WEAK = YES;
				CLANG_WARN_BLOCK_CAPTURE_AUTORELEASING = YES;
				CLANG_WARN_BOOL_CONVERSION = YES;
				CLANG_WARN_COMMA = YES;
				CLANG_WARN_CONSTANT_CONVERSION = YES;
				CLANG_WARN_DEPRECATED_OBJC_IMPLEMENTATIONS = YES;
				CLANG_WARN_DIRECT_OBJC_ISA_USAGE = YES_ERROR;
				CLANG_WARN_DOCUMENTATION_COMMENTS = YES;
				CLANG_WARN_EMPTY_BODY = YES;
				CLANG_WARN_ENUM_CONVERSION = YES;
				CLANG_WARN_INFINITE_RECURSION = YES;
				CLANG_WARN_INT_CONVERSION = YES;
				CLANG_WARN_NON_LITERAL_NULL_CONVERSION = YES;
				CLANG_WARN_OBJC_IMPLICIT_RETAIN_SELF = YES;
				CLANG_WARN_OBJC_LITERAL_CONVERSION = YES;
				CLANG_WARN_OBJC_ROOT_CLASS = YES_ERROR;
				CLANG_WARN_QUOTED_INCLUDE_IN_FRAMEWORK_HEADER = YES;
				CLANG_WARN_RANGE_LOOP_ANALYSIS = YES;
				CLANG_WARN_STRICT_PROTOTYPES = YES;
				CLANG_WARN_SUSPICIOUS_MOVE = YES;
				CLANG_WARN_UNGUARDED_AVAILABILITY = YES_AGGRESSIVE;
				CLANG_WARN_UNREACHABLE_CODE = YES;
				CLANG_WARN__DUPLICATE_METHOD_MATCH = YES;
				COPY_PHASE_STRIP = NO;
				DEBUG_INFORMATION_FORMAT = dwarf;
				ENABLE_STRICT_OBJC_MSGSEND = YES;
				ENABLE_TESTABILITY = YES;
				GCC_C_LANGUAGE_STANDARD = gnu11;
				GCC_DYNAMIC_NO_PIC = NO;
				GCC_NO_COMMON_BLOCKS = YES;
				GCC_OPTIMIZATION_LEVEL = 0;
				GCC_PREPROCESSOR_DEFINITIONS = (
					"DEBUG=1",
					"$(inherited)",
				);
				GCC_WARN_64_TO_32_BIT_CONVERSION = YES;
				GCC_WARN_ABOUT_RETURN_TYPE = YES_ERROR;
				GCC_WARN_UNDECLARED_SELECTOR = YES;
				GCC_WARN_UNINITIALIZED_AUTOS = YES_AGGRESSIVE;
				GCC_WARN_UNUSED_FUNCTION = YES;
				GCC_WARN_UNUSED_VARIABLE = YES;
				IPHONEOS_DEPLOYMENT_TARGET = 16.4;
				MTL_ENABLE_DEBUG_INFO = INCLUDE_SOURCE;
				MTL_FAST_MATH = YES;
				ONLY_ACTIVE_ARCH = YES;
				SDKROOT = iphoneos;
				SWIFT_ACTIVE_COMPILATION_CONDITIONS = DEBUG;
				SWIFT_OPTIMIZATION_LEVEL = "-Onone";
			};
			name = Debug;
		};
		CC2428D12A8D26C900F75A57 /* Release */ = {
			isa = XCBuildConfiguration;
			buildSettings = {
				ALWAYS_SEARCH_USER_PATHS = NO;
				CLANG_ANALYZER_NONNULL = YES;
				CLANG_ANALYZER_NUMBER_OBJECT_CONVERSION = YES_AGGRESSIVE;
				CLANG_CXX_LANGUAGE_STANDARD = "gnu++20";
				CLANG_ENABLE_MODULES = YES;
				CLANG_ENABLE_OBJC_ARC = YES;
				CLANG_ENABLE_OBJC_WEAK = YES;
				CLANG_WARN_BLOCK_CAPTURE_AUTORELEASING = YES;
				CLANG_WARN_BOOL_CONVERSION = YES;
				CLANG_WARN_COMMA = YES;
				CLANG_WARN_CONSTANT_CONVERSION = YES;
				CLANG_WARN_DEPRECATED_OBJC_IMPLEMENTATIONS = YES;
				CLANG_WARN_DIRECT_OBJC_ISA_USAGE = YES_ERROR;
				CLANG_WARN_DOCUMENTATION_COMMENTS = YES;
				CLANG_WARN_EMPTY_BODY = YES;
				CLANG_WARN_ENUM_CONVERSION = YES;
				CLANG_WARN_INFINITE_RECURSION = YES;
				CLANG_WARN_INT_CONVERSION = YES;
				CLANG_WARN_NON_LITERAL_NULL_CONVERSION = YES;
				CLANG_WARN_OBJC_IMPLICIT_RETAIN_SELF = YES;
				CLANG_WARN_OBJC_LITERAL_CONVERSION = YES;
				CLANG_WARN_OBJC_ROOT_CLASS = YES_ERROR;
				CLANG_WARN_QUOTED_INCLUDE_IN_FRAMEWORK_HEADER = YES;
				CLANG_WARN_RANGE_LOOP_ANALYSIS = YES;
				CLANG_WARN_STRICT_PROTOTYPES = YES;
				CLANG_WARN_SUSPICIOUS_MOVE = YES;
				CLANG_WARN_UNGUARDED_AVAILABILITY = YES_AGGRESSIVE;
				CLANG_WARN_UNREACHABLE_CODE = YES;
				CLANG_WARN__DUPLICATE_METHOD_MATCH = YES;
				COPY_PHASE_STRIP = NO;
				DEBUG_INFORMATION_FORMAT = "dwarf-with-dsym";
				ENABLE_NS_ASSERTIONS = NO;
				ENABLE_STRICT_OBJC_MSGSEND = YES;
				GCC_C_LANGUAGE_STANDARD = gnu11;
				GCC_NO_COMMON_BLOCKS = YES;
				GCC_WARN_64_TO_32_BIT_CONVERSION = YES;
				GCC_WARN_ABOUT_RETURN_TYPE = YES_ERROR;
				GCC_WARN_UNDECLARED_SELECTOR = YES;
				GCC_WARN_UNINITIALIZED_AUTOS = YES_AGGRESSIVE;
				GCC_WARN_UNUSED_FUNCTION = YES;
				GCC_WARN_UNUSED_VARIABLE = YES;
				IPHONEOS_DEPLOYMENT_TARGET = 16.4;
				MTL_ENABLE_DEBUG_INFO = NO;
				MTL_FAST_MATH = YES;
				SDKROOT = iphoneos;
				SWIFT_COMPILATION_MODE = wholemodule;
				SWIFT_OPTIMIZATION_LEVEL = "-O";
				VALIDATE_PRODUCT = YES;
			};
			name = Release;
		};
		CC2428D32A8D26C900F75A57 /* Debug */ = {
			isa = XCBuildConfiguration;
			buildSettings = {
				ASSETCATALOG_COMPILER_APPICON_NAME = AppIcon;
				ASSETCATALOG_COMPILER_GLOBAL_ACCENT_COLOR_NAME = AccentColor;
				CODE_SIGN_STYLE = Automatic;
				CURRENT_PROJECT_VERSION = 1;
				GENERATE_INFOPLIST_FILE = YES;
				INFOPLIST_FILE = RaM/SupportingFiles/Info.plist;
				INFOPLIST_KEY_UIApplicationSupportsIndirectInputEvents = YES;
				INFOPLIST_KEY_UISupportedInterfaceOrientations = UIInterfaceOrientationPortrait;
				LD_RUNPATH_SEARCH_PATHS = (
					"$(inherited)",
					"@executable_path/Frameworks",
				);
				MARKETING_VERSION = 1.0;
				PRODUCT_BUNDLE_IDENTIFIER = com.dva.RaM;
				PRODUCT_NAME = "$(TARGET_NAME)";
				SUPPORTED_PLATFORMS = "iphoneos iphonesimulator";
				SUPPORTS_MACCATALYST = NO;
				SUPPORTS_MAC_DESIGNED_FOR_IPHONE_IPAD = NO;
				SWIFT_EMIT_LOC_STRINGS = YES;
				SWIFT_VERSION = 5.0;
				TARGETED_DEVICE_FAMILY = 1;
			};
			name = Debug;
		};
		CC2428D42A8D26C900F75A57 /* Release */ = {
			isa = XCBuildConfiguration;
			buildSettings = {
				ASSETCATALOG_COMPILER_APPICON_NAME = AppIcon;
				ASSETCATALOG_COMPILER_GLOBAL_ACCENT_COLOR_NAME = AccentColor;
				CODE_SIGN_STYLE = Automatic;
				CURRENT_PROJECT_VERSION = 1;
				GENERATE_INFOPLIST_FILE = YES;
				INFOPLIST_FILE = RaM/SupportingFiles/Info.plist;
				INFOPLIST_KEY_UIApplicationSupportsIndirectInputEvents = YES;
				INFOPLIST_KEY_UISupportedInterfaceOrientations = UIInterfaceOrientationPortrait;
				LD_RUNPATH_SEARCH_PATHS = (
					"$(inherited)",
					"@executable_path/Frameworks",
				);
				MARKETING_VERSION = 1.0;
				PRODUCT_BUNDLE_IDENTIFIER = com.dva.RaM;
				PRODUCT_NAME = "$(TARGET_NAME)";
				SUPPORTED_PLATFORMS = "iphoneos iphonesimulator";
				SUPPORTS_MACCATALYST = NO;
				SUPPORTS_MAC_DESIGNED_FOR_IPHONE_IPAD = NO;
				SWIFT_EMIT_LOC_STRINGS = YES;
				SWIFT_VERSION = 5.0;
				TARGETED_DEVICE_FAMILY = 1;
			};
			name = Release;
		};
/* End XCBuildConfiguration section */

/* Begin XCConfigurationList section */
		CC2428B92A8D26C800F75A57 /* Build configuration list for PBXProject "RaM" */ = {
			isa = XCConfigurationList;
			buildConfigurations = (
				CC2428D02A8D26C900F75A57 /* Debug */,
				CC2428D12A8D26C900F75A57 /* Release */,
			);
			defaultConfigurationIsVisible = 0;
			defaultConfigurationName = Release;
		};
		CC2428D22A8D26C900F75A57 /* Build configuration list for PBXNativeTarget "RaM" */ = {
			isa = XCConfigurationList;
			buildConfigurations = (
				CC2428D32A8D26C900F75A57 /* Debug */,
				CC2428D42A8D26C900F75A57 /* Release */,
			);
			defaultConfigurationIsVisible = 0;
			defaultConfigurationName = Release;
		};
/* End XCConfigurationList section */
	};
	rootObject = CC2428B62A8D26C800F75A57 /* Project object */;
}
